
Microsoft Visual Studio Solution File, Format Version 12.00
# Visual Studio Version 17
VisualStudioVersion = 17.2.32505.173
MinimumVisualStudioVersion = 10.0.40219.1
Project("{9A19103F-16F7-4668-BE54-9A1E7A4F7556}") = "AllowanceCalculation.DAL", "AllowanceCalculation.DAL\AllowanceCalculation.DAL.csproj", "{5C138EE4-053E-4D12-9F4F-2A95159D1EA7}"
EndProject
Project("{9A19103F-16F7-4668-BE54-9A1E7A4F7556}") = "AllowanceCalculation.BLL", "AllowanceCalculation.BLL\AllowanceCalculation.BLL.csproj", "{4DF58D02-A923-4BDC-ABA9-B8F88A55A246}"
EndProject
Project("{FAE04EC0-301F-11D3-BF4B-00C04F79EFBC}") = "Sandbox", "Sandbox\Sandbox.csproj", "{D3971755-24EE-45F7-9584-AD8B47FCBD99}"
EndProject
Global
	GlobalSection(SolutionConfigurationPlatforms) = preSolution
		Debug|Any CPU = Debug|Any CPU
		Release|Any CPU = Release|Any CPU
	EndGlobalSection
	GlobalSection(ProjectConfigurationPlatforms) = postSolution
		{5C138EE4-053E-4D12-9F4F-2A95159D1EA7}.Debug|Any CPU.ActiveCfg = Debug|Any CPU
		{5C138EE4-053E-4D12-9F4F-2A95159D1EA7}.Debug|Any CPU.Build.0 = Debug|Any CPU
		{5C138EE4-053E-4D12-9F4F-2A95159D1EA7}.Release|Any CPU.ActiveCfg = Release|Any CPU
		{5C138EE4-053E-4D12-9F4F-2A95159D1EA7}.Release|Any CPU.Build.0 = Release|Any CPU
		{4DF58D02-A923-4BDC-ABA9-B8F88A55A246}.Debug|Any CPU.ActiveCfg = Debug|Any CPU
		{4DF58D02-A923-4BDC-ABA9-B8F88A55A246}.Debug|Any CPU.Build.0 = Debug|Any CPU
		{4DF58D02-A923-4BDC-ABA9-B8F88A55A246}.Release|Any CPU.ActiveCfg = Release|Any CPU
		{4DF58D02-A923-4BDC-ABA9-B8F88A55A246}.Release|Any CPU.Build.0 = Release|Any CPU
		{D3971755-24EE-45F7-9584-AD8B47FCBD99}.Debug|Any CPU.ActiveCfg = Debug|Any CPU
		{D3971755-24EE-45F7-9584-AD8B47FCBD99}.Debug|Any CPU.Build.0 = Debug|Any CPU
		{D3971755-24EE-45F7-9584-AD8B47FCBD99}.Release|Any CPU.ActiveCfg = Release|Any CPU
		{D3971755-24EE-45F7-9584-AD8B47FCBD99}.Release|Any CPU.Build.0 = Release|Any CPU
	EndGlobalSection
	GlobalSection(SolutionProperties) = preSolution
		HideSolutionNode = FALSE
	EndGlobalSection
	GlobalSection(ExtensibilityGlobals) = postSolution
		SolutionGuid = {6D5BA7D0-3060-4341-9EB3-D8B901D230E0}
	EndGlobalSection
EndGlobal
